{
  "name": "use-micrograd",
  "lockfileVersion": 3,
  "requires": true,
  "packages": {
    "": {
      "dependencies": {
        "pytorch": "^0.0.1"
      }
    },
    "node_modules/pytorch": {
      "version": "0.0.1",
      "resolved": "https://registry.npmjs.org/pytorch/-/pytorch-0.0.1.tgz",
      "integrity": "sha512-8y5nxtBr4ua97e+bG9Auhc+PIOKTnNzzOdL/84bCSx2uJ+jzvhOkTu/KPsCtmWeT2g110mI7k+vd73IKkhnH0A=="
    }
  }
}
